
Microsoft Visual Studio Solution File, Format Version 12.00
# Visual Studio 2015
<<<<<<< HEAD
Project("{FAE04EC0-301F-11D3-BF4B-00C04F79EFBC}") = "Tybee", "Tybee.csproj", "{AB81CEE2-DDA3-475C-E490-4EEFE0E0889D}"
=======
Project("{FAE04EC0-301F-11D3-BF4B-00C04F79EFBC}") = "Tybee.CSharp", "Tybee.CSharp.csproj", "{4BDFFA89-1055-036C-28AB-18E5B21546ED}"
>>>>>>> c8d047295a77e7595481874bce78e8b28379d874
EndProject
Global
	GlobalSection(SolutionConfigurationPlatforms) = preSolution
		Debug|Any CPU = Debug|Any CPU
		Release|Any CPU = Release|Any CPU
	EndGlobalSection
	GlobalSection(ProjectConfigurationPlatforms) = postSolution
<<<<<<< HEAD
		{AB81CEE2-DDA3-475C-E490-4EEFE0E0889D}.Debug|Any CPU.ActiveCfg = Debug|Any CPU
		{AB81CEE2-DDA3-475C-E490-4EEFE0E0889D}.Debug|Any CPU.Build.0 = Debug|Any CPU
		{AB81CEE2-DDA3-475C-E490-4EEFE0E0889D}.Release|Any CPU.ActiveCfg = Release|Any CPU
		{AB81CEE2-DDA3-475C-E490-4EEFE0E0889D}.Release|Any CPU.Build.0 = Release|Any CPU
=======
		{4BDFFA89-1055-036C-28AB-18E5B21546ED}.Debug|Any CPU.ActiveCfg = Debug|Any CPU
		{4BDFFA89-1055-036C-28AB-18E5B21546ED}.Debug|Any CPU.Build.0 = Debug|Any CPU
		{4BDFFA89-1055-036C-28AB-18E5B21546ED}.Release|Any CPU.ActiveCfg = Release|Any CPU
		{4BDFFA89-1055-036C-28AB-18E5B21546ED}.Release|Any CPU.Build.0 = Release|Any CPU
>>>>>>> c8d047295a77e7595481874bce78e8b28379d874
	EndGlobalSection
	GlobalSection(SolutionProperties) = preSolution
		HideSolutionNode = FALSE
	EndGlobalSection
EndGlobal
